{
  "version": 4,
  "terraform_version": "1.1.7",
  "serial": 71,
  "lineage": "61537683-3051-a117-8d48-9ca83a161484",
  "outputs": {
    "url": {
      "value": "https://ylwlwt4crj.execute-api.us-east-1.amazonaws.com/v1/ip-lookup",
      "type": "string"
    }
  },
  "resources": [
    {
      "mode": "data",
      "type": "archive_file",
      "name": "zip",
      "provider": "provider[\"registry.terraform.io/hashicorp/archive\"]",
      "instances": [
        {
          "schema_version": 0,
          "attributes": {
            "excludes": null,
            "id": "7746c38d5c4e16bc4c9448b5e85f314af91ad727",
            "output_base64sha256": "bqOEHkJRFOr/ie2vZoONXoQ8XIJ6be23eHOAMWsbGEk=",
            "output_md5": "2cddbece356dc950b6da4d7a41e1a9f4",
            "output_path": "ip-lookup.zip",
            "output_sha": "7746c38d5c4e16bc4c9448b5e85f314af91ad727",
            "output_size": 2448824,
            "source": [],
            "source_content": null,
            "source_content_filename": null,
            "source_dir": null,
            "source_file": "bin/ip-lookup",
            "type": "zip"
          },
          "sensitive_attributes": []
        }
      ]
    },
    {
      "mode": "managed",
      "type": "aws_api_gateway_deployment",
      "name": "ip_lookup_deploy",
      "provider": "provider[\"registry.terraform.io/hashicorp/aws\"]",
      "instances": [
        {
          "schema_version": 0,
          "attributes": {
            "created_date": "2022-03-04T21:14:50Z",
            "description": "",
            "execution_arn": "arn:aws:execute-api:us-east-1:987463259214:ylwlwt4crj/v1",
            "id": "u0gyr6",
            "invoke_url": "https://ylwlwt4crj.execute-api.us-east-1.amazonaws.com/v1",
            "rest_api_id": "ylwlwt4crj",
            "stage_description": null,
            "stage_name": "v1",
            "triggers": null,
            "variables": null
          },
          "sensitive_attributes": [],
          "private": "bnVsbA==",
          "dependencies": [
            "aws_api_gateway_integration.integration",
            "aws_api_gateway_method.method",
            "aws_api_gateway_resource.resource",
            "aws_api_gateway_rest_api.api",
            "aws_iam_role.iam_for_lambda",
            "aws_lambda_function.ip-lookup"
          ]
        }
      ]
    },
    {
      "mode": "managed",
      "type": "aws_api_gateway_integration",
      "name": "integration",
      "provider": "provider[\"registry.terraform.io/hashicorp/aws\"]",
      "instances": [
        {
          "schema_version": 0,
          "attributes": {
            "cache_key_parameters": [],
            "cache_namespace": "b64fdi",
            "connection_id": "",
            "connection_type": "INTERNET",
            "content_handling": "",
            "credentials": "",
            "http_method": "GET",
            "id": "agi-ylwlwt4crj-b64fdi-GET",
            "integration_http_method": "POST",
            "passthrough_behavior": "WHEN_NO_MATCH",
            "request_parameters": {},
            "request_parameters_in_json": null,
            "request_templates": {},
            "resource_id": "b64fdi",
            "rest_api_id": "ylwlwt4crj",
            "timeout_milliseconds": 29000,
            "type": "AWS_PROXY",
            "uri": "arn:aws:apigateway:us-east-1:lambda:path/2015-03-31/functions/arn:aws:lambda:us-east-1:987463259214:function:ip-lookup/invocations"
          },
          "sensitive_attributes": [],
          "private": "bnVsbA==",
          "dependencies": [
            "aws_api_gateway_method.method",
            "aws_api_gateway_resource.resource",
            "aws_api_gateway_rest_api.api",
            "aws_iam_role.iam_for_lambda",
            "aws_lambda_function.ip-lookup"
          ]
        }
      ]
    },
    {
      "mode": "managed",
      "type": "aws_api_gateway_method",
      "name": "method",
      "provider": "provider[\"registry.terraform.io/hashicorp/aws\"]",
      "instances": [
        {
          "schema_version": 0,
          "attributes": {
            "api_key_required": false,
            "authorization": "NONE",
            "authorization_scopes": [],
            "authorizer_id": "",
            "http_method": "GET",
            "id": "agm-ylwlwt4crj-b64fdi-GET",
            "request_models": {},
            "request_parameters": {},
            "request_parameters_in_json": null,
            "request_validator_id": "",
            "resource_id": "b64fdi",
            "rest_api_id": "ylwlwt4crj"
          },
          "sensitive_attributes": [],
          "private": "bnVsbA==",
          "dependencies": [
            "aws_api_gateway_resource.resource",
            "aws_api_gateway_rest_api.api"
          ]
        }
      ]
    },
    {
      "mode": "managed",
      "type": "aws_api_gateway_resource",
      "name": "resource",
      "provider": "provider[\"registry.terraform.io/hashicorp/aws\"]",
      "instances": [
        {
          "schema_version": 0,
          "attributes": {
            "id": "b64fdi",
            "parent_id": "z57mlye2y6",
            "path": "/ip-lookup",
            "path_part": "ip-lookup",
            "rest_api_id": "ylwlwt4crj"
          },
          "sensitive_attributes": [],
          "private": "bnVsbA==",
          "dependencies": [
            "aws_api_gateway_rest_api.api"
          ]
        }
      ]
    },
    {
      "mode": "managed",
      "type": "aws_api_gateway_rest_api",
      "name": "api",
      "provider": "provider[\"registry.terraform.io/hashicorp/aws\"]",
      "instances": [
        {
          "schema_version": 0,
          "attributes": {
            "api_key_source": "HEADER",
            "arn": "arn:aws:apigateway:us-east-1::/restapis/ylwlwt4crj",
            "binary_media_types": [],
            "body": null,
            "created_date": "2022-03-04T21:14:31Z",
            "description": "",
            "endpoint_configuration": [
              {
                "types": [
                  "EDGE"
                ],
                "vpc_endpoint_ids": []
              }
            ],
            "execution_arn": "arn:aws:execute-api:us-east-1:987463259214:ylwlwt4crj",
            "id": "ylwlwt4crj",
            "minimum_compression_size": -1,
            "name": "ip_lookup_api",
            "policy": "",
            "root_resource_id": "z57mlye2y6",
            "tags": {}
          },
          "sensitive_attributes": [],
          "private": "bnVsbA=="
        }
      ]
    },
    {
      "mode": "managed",
      "type": "aws_iam_role",
      "name": "iam_for_lambda",
      "provider": "provider[\"registry.terraform.io/hashicorp/aws\"]",
      "instances": [
        {
          "schema_version": 0,
          "attributes": {
            "arn": "arn:aws:iam::987463259214:role/ip_lookup_iam",
            "assume_role_policy": "{\"Version\":\"2012-10-17\",\"Statement\":[{\"Sid\":\"\",\"Effect\":\"Allow\",\"Principal\":{\"Service\":\"lambda.amazonaws.com\"},\"Action\":\"sts:AssumeRole\"}]}",
            "create_date": "2022-03-04T21:14:31Z",
            "description": "",
            "force_detach_policies": false,
            "id": "ip_lookup_iam",
            "max_session_duration": 3600,
            "name": "ip_lookup_iam",
            "name_prefix": null,
            "path": "/",
            "permissions_boundary": null,
            "tags": {},
            "unique_id": "AROA6L2LFSRHDMF2OKUZG"
          },
          "sensitive_attributes": [],
          "private": "bnVsbA=="
        }
      ]
    },
    {
      "mode": "managed",
      "type": "aws_lambda_function",
      "name": "ip-lookup",
      "provider": "provider[\"registry.terraform.io/hashicorp/aws\"]",
      "instances": [
        {
          "schema_version": 0,
          "attributes": {
            "arn": "arn:aws:lambda:us-east-1:987463259214:function:ip-lookup",
            "dead_letter_config": [],
            "description": "",
            "environment": [],
            "file_system_config": [],
            "filename": "ip-lookup.zip",
            "function_name": "ip-lookup",
            "handler": "ip-lookup",
            "id": "ip-lookup",
            "invoke_arn": "arn:aws:apigateway:us-east-1:lambda:path/2015-03-31/functions/arn:aws:lambda:us-east-1:987463259214:function:ip-lookup/invocations",
            "kms_key_arn": "",
            "last_modified": "2022-03-04T22:07:31.000+0000",
            "layers": [],
            "memory_size": 128,
            "publish": false,
            "qualified_arn": "arn:aws:lambda:us-east-1:987463259214:function:ip-lookup:$LATEST",
            "reserved_concurrent_executions": -1,
            "role": "arn:aws:iam::987463259214:role/ip_lookup_iam",
            "runtime": "go1.x",
            "s3_bucket": null,
            "s3_key": null,
            "s3_object_version": null,
            "source_code_hash": "bqOEHkJRFOr/ie2vZoONXoQ8XIJ6be23eHOAMWsbGEk=",
            "source_code_size": 2448824,
            "tags": {},
            "timeout": 3,
            "timeouts": null,
            "tracing_config": [
              {
                "mode": "PassThrough"
              }
            ],
            "version": "$LATEST",
            "vpc_config": []
          },
          "sensitive_attributes": [],
          "private": "eyJlMmJmYjczMC1lY2FhLTExZTYtOGY4OC0zNDM2M2JjN2M0YzAiOnsiY3JlYXRlIjo2MDAwMDAwMDAwMDB9fQ==",
          "dependencies": [
            "aws_iam_role.iam_for_lambda"
          ]
        }
      ]
    },
    {
      "mode": "managed",
      "type": "aws_lambda_permission",
      "name": "apigw_lambda",
      "provider": "provider[\"registry.terraform.io/hashicorp/aws\"]",
      "instances": [
        {
          "schema_version": 0,
          "attributes": {
            "action": "lambda:InvokeFunction",
            "event_source_token": null,
            "function_name": "ip-lookup",
            "id": "AllowExecutionFromAPIGateway",
            "principal": "apigateway.amazonaws.com",
            "qualifier": "",
            "source_account": null,
            "source_arn": "arn:aws:execute-api:us-east-1:987463259214:ylwlwt4crj/*/*/*",
            "statement_id": "AllowExecutionFromAPIGateway",
            "statement_id_prefix": null
          },
          "sensitive_attributes": [],
          "private": "bnVsbA==",
          "dependencies": [
            "aws_api_gateway_rest_api.api",
            "aws_iam_role.iam_for_lambda",
            "aws_lambda_function.ip-lookup"
          ]
        }
      ]
    }
  ]
}
